{
  "nodes": {
    "nixpkgs": {
      "locked": {
        "lastModified": 1636886446,
        "narHash": "sha256-4xsVM2H8CG3d/3V+GqDDLDOmb3kdrugbqKVyrg8Q/zc=",
        "owner": "NixOS",
        "repo": "nixpkgs",
        "rev": "5cb226a06c49f7a2d02863d0b5786a310599df6b",
        "type": "github"
      },
      "original": {
        "owner": "NixOS",
        "ref": "nixpkgs-unstable",
        "repo": "nixpkgs",
        "type": "github"
      }
    },
    "root": {
      "inputs": {
        "nixpkgs": "nixpkgs"
      }
    }
  },
  "root": "root",
  "version": 7
}
