# This file was autogenerated by Stack.
# You should not edit this file by hand.
# For more information, please see the documentation at:
#   https://docs.haskellstack.org/en/stable/lock_files

packages:
- completed:
    hackage: purescript-0.14.4@sha256:4f132f00f427971b02ce413a8b3b528276ce2234f3709ee75c2bc95c237574eb,18623
    pantry-tree:
      size: 128736
      sha256: ab048541b4e1c28d46869c5cf1b22badfdfaf08336264b95c52162356c104243
  original:
    hackage: purescript-0.14.4
- completed:
    hackage: language-javascript-0.7.0.0@sha256:3eab0262b8ac5621936a4beab6a0f97d0e00a63455a8b0e3ac1547b4088dae7d,3898
    pantry-tree:
      size: 2244
      sha256: b0f28d836cb3fbde203fd7318a896c3a20acd8653a905e1950ae2d9a64bccebf
  original:
    hackage: language-javascript-0.7.0.0@sha256:3eab0262b8ac5621936a4beab6a0f97d0e00a63455a8b0e3ac1547b4088dae7d,3898
- completed:
    hackage: purescript-cst-0.4.0.0@sha256:bfe7be3962e83b645a4a8cd1805f31de17db3d3456962e1a2d17016fe5d7f96d,3861
    pantry-tree:
      size: 3018
      sha256: 1681432cc9fa87bc6344e7c604f94a15a016af6e4b7c3519ee035f0f51d90c9c
  original:
    hackage: purescript-cst-0.4.0.0@sha256:bfe7be3962e83b645a4a8cd1805f31de17db3d3456962e1a2d17016fe5d7f96d,3861
snapshots:
- completed:
    size: 567679
    url: https://raw.githubusercontent.com/commercialhaskell/stackage-snapshots/master/lts/17/15.yaml
    sha256: 72e87841a0ab5b72f6f018e8ee692fd972b7bb32a944990f028e10d6eb528e63
  original: lts-17.15
